
Microsoft Visual Studio Solution File, Format Version 12.00
# Visual Studio Version 17
VisualStudioVersion = 17.0.32002.185
MinimumVisualStudioVersion = 10.0.40219.1
Project("{FAE04EC0-301F-11D3-BF4B-00C04F79EFBC}") = "HerdarCumprirContrato", "HerdarCumprirContrato.csproj", "{9F37ECAD-FF74-4CA9-945C-E421124F4B1F}"
EndProject
Global
	GlobalSection(SolutionConfigurationPlatforms) = preSolution
		Debug|Any CPU = Debug|Any CPU
		Release|Any CPU = Release|Any CPU
	EndGlobalSection
	GlobalSection(ProjectConfigurationPlatforms) = postSolution
		{9F37ECAD-FF74-4CA9-945C-E421124F4B1F}.Debug|Any CPU.ActiveCfg = Debug|Any CPU
		{9F37ECAD-FF74-4CA9-945C-E421124F4B1F}.Debug|Any CPU.Build.0 = Debug|Any CPU
		{9F37ECAD-FF74-4CA9-945C-E421124F4B1F}.Release|Any CPU.ActiveCfg = Release|Any CPU
		{9F37ECAD-FF74-4CA9-945C-E421124F4B1F}.Release|Any CPU.Build.0 = Release|Any CPU
	EndGlobalSection
	GlobalSection(SolutionProperties) = preSolution
		HideSolutionNode = FALSE
	EndGlobalSection
	GlobalSection(ExtensibilityGlobals) = postSolution
		SolutionGuid = {1C37C3E0-0520-4A93-B840-91254B933519}
	EndGlobalSection
EndGlobal
